
Microsoft Visual Studio Solution File, Format Version 12.00
# Visual Studio for Mac
Project("{FAE04EC0-301F-11D3-BF4B-00C04F79EFBC}") = "Assembly-CSharp", "Assembly-CSharp.csproj", "{DE2D8BCA-2957-9E59-71D4-846E3B08EC34}"
EndProject
Global
	GlobalSection(SolutionConfigurationPlatforms) = preSolution
		Debug|Any CPU = Debug|Any CPU
		Release|Any CPU = Release|Any CPU
	EndGlobalSection
	GlobalSection(ProjectConfigurationPlatforms) = postSolution
		{DE2D8BCA-2957-9E59-71D4-846E3B08EC34}.Debug|Any CPU.ActiveCfg = Debug|Any CPU
		{DE2D8BCA-2957-9E59-71D4-846E3B08EC34}.Debug|Any CPU.Build.0 = Debug|Any CPU
		{DE2D8BCA-2957-9E59-71D4-846E3B08EC34}.Release|Any CPU.ActiveCfg = Release|Any CPU
		{DE2D8BCA-2957-9E59-71D4-846E3B08EC34}.Release|Any CPU.Build.0 = Release|Any CPU
	EndGlobalSection
	GlobalSection(SolutionProperties) = preSolution
		HideSolutionNode = FALSE
	EndGlobalSection
EndGlobal
